// !$*UTF8*$!
{
	archiveVersion = 1;
	classes = {
	};
	objectVersion = 48;
	objects = {

/* Begin PBXBuildFile section */
		63AC37DABF12DF6477F6F41E /* Pods_ForSons.framework in Frameworks */ = {isa = PBXBuildFile; fileRef = 6085406F1BE5E92C863D8DFF /* Pods_ForSons.framework */; };
		EA28C1FF20A1EB9800E20A9C /* AppDelegate.swift in Sources */ = {isa = PBXBuildFile; fileRef = EA28C1FE20A1EB9800E20A9C /* AppDelegate.swift */; };
		EA28C20120A1EB9800E20A9C /* RulesCheckViewController.swift in Sources */ = {isa = PBXBuildFile; fileRef = EA28C20020A1EB9800E20A9C /* RulesCheckViewController.swift */; };
		EA28C20420A1EB9800E20A9C /* Main.storyboard in Resources */ = {isa = PBXBuildFile; fileRef = EA28C20220A1EB9800E20A9C /* Main.storyboard */; };
		EA28C20620A1EB9800E20A9C /* Assets.xcassets in Resources */ = {isa = PBXBuildFile; fileRef = EA28C20520A1EB9800E20A9C /* Assets.xcassets */; };
		EA28C20920A1EB9800E20A9C /* LaunchScreen.storyboard in Resources */ = {isa = PBXBuildFile; fileRef = EA28C20720A1EB9800E20A9C /* LaunchScreen.storyboard */; };
		EA28C21720A1F2AF00E20A9C /* RulesTableViewCell.swift in Sources */ = {isa = PBXBuildFile; fileRef = EA28C21520A1F2AF00E20A9C /* RulesTableViewCell.swift */; };
		EA28C21820A1F2AF00E20A9C /* RulesCell.xib in Resources */ = {isa = PBXBuildFile; fileRef = EA28C21620A1F2AF00E20A9C /* RulesCell.xib */; };
		EA28C21A20A215B000E20A9C /* listModel.swift in Sources */ = {isa = PBXBuildFile; fileRef = EA28C21920A215B000E20A9C /* listModel.swift */; };
		EAF1F95120A5E95D003D60E6 /* FamSchedViewController.swift in Sources */ = {isa = PBXBuildFile; fileRef = EAF1F95020A5E95D003D60E6 /* FamSchedViewController.swift */; };
		EAF1F95420A5F20D003D60E6 /* ScheduleTableViewCell.swift in Sources */ = {isa = PBXBuildFile; fileRef = EAF1F95220A5F20D003D60E6 /* ScheduleTableViewCell.swift */; };
		EAF1F95520A5F20D003D60E6 /* ScheduleTableViewCell.xib in Resources */ = {isa = PBXBuildFile; fileRef = EAF1F95320A5F20D003D60E6 /* ScheduleTableViewCell.xib */; };
		EAF1F95720A60451003D60E6 /* NewEventViewController.swift in Sources */ = {isa = PBXBuildFile; fileRef = EAF1F95620A60451003D60E6 /* NewEventViewController.swift */; };
		EAF1F95920A78CD8003D60E6 /* popUpDelegate.swift in Sources */ = {isa = PBXBuildFile; fileRef = EAF1F95820A78CD8003D60E6 /* popUpDelegate.swift */; };
/* End PBXBuildFile section */

/* Begin PBXFileReference section */
		1FD5697551304D9D8C9DF0E2 /* Pods-ForSons.debug.xcconfig */ = {isa = PBXFileReference; includeInIndex = 1; lastKnownFileType = text.xcconfig; name = "Pods-ForSons.debug.xcconfig"; path = "Pods/Target Support Files/Pods-ForSons/Pods-ForSons.debug.xcconfig"; sourceTree = "<group>"; };
		3F6FF957A9959FD8082E7CD2 /* Pods-ForSons.release.xcconfig */ = {isa = PBXFileReference; includeInIndex = 1; lastKnownFileType = text.xcconfig; name = "Pods-ForSons.release.xcconfig"; path = "Pods/Target Support Files/Pods-ForSons/Pods-ForSons.release.xcconfig"; sourceTree = "<group>"; };
		6085406F1BE5E92C863D8DFF /* Pods_ForSons.framework */ = {isa = PBXFileReference; explicitFileType = wrapper.framework; includeInIndex = 0; path = Pods_ForSons.framework; sourceTree = BUILT_PRODUCTS_DIR; };
		EA28C1FB20A1EB9800E20A9C /* ForSons.app */ = {isa = PBXFileReference; explicitFileType = wrapper.application; includeInIndex = 0; path = ForSons.app; sourceTree = BUILT_PRODUCTS_DIR; };
		EA28C1FE20A1EB9800E20A9C /* AppDelegate.swift */ = {isa = PBXFileReference; lastKnownFileType = sourcecode.swift; path = AppDelegate.swift; sourceTree = "<group>"; };
		EA28C20020A1EB9800E20A9C /* RulesCheckViewController.swift */ = {isa = PBXFileReference; lastKnownFileType = sourcecode.swift; path = RulesCheckViewController.swift; sourceTree = "<group>"; };
		EA28C20320A1EB9800E20A9C /* Base */ = {isa = PBXFileReference; lastKnownFileType = file.storyboard; name = Base; path = Base.lproj/Main.storyboard; sourceTree = "<group>"; };
		EA28C20520A1EB9800E20A9C /* Assets.xcassets */ = {isa = PBXFileReference; lastKnownFileType = folder.assetcatalog; path = Assets.xcassets; sourceTree = "<group>"; };
		EA28C20820A1EB9800E20A9C /* Base */ = {isa = PBXFileReference; lastKnownFileType = file.storyboard; name = Base; path = Base.lproj/LaunchScreen.storyboard; sourceTree = "<group>"; };
		EA28C20A20A1EB9800E20A9C /* Info.plist */ = {isa = PBXFileReference; lastKnownFileType = text.plist.xml; path = Info.plist; sourceTree = "<group>"; };
		EA28C21520A1F2AF00E20A9C /* RulesTableViewCell.swift */ = {isa = PBXFileReference; lastKnownFileType = sourcecode.swift; path = RulesTableViewCell.swift; sourceTree = "<group>"; };
		EA28C21620A1F2AF00E20A9C /* RulesCell.xib */ = {isa = PBXFileReference; lastKnownFileType = file.xib; path = RulesCell.xib; sourceTree = "<group>"; };
		EA28C21920A215B000E20A9C /* listModel.swift */ = {isa = PBXFileReference; lastKnownFileType = sourcecode.swift; path = listModel.swift; sourceTree = "<group>"; };
		EAF1F95020A5E95D003D60E6 /* FamSchedViewController.swift */ = {isa = PBXFileReference; lastKnownFileType = sourcecode.swift; path = FamSchedViewController.swift; sourceTree = "<group>"; };
		EAF1F95220A5F20D003D60E6 /* ScheduleTableViewCell.swift */ = {isa = PBXFileReference; lastKnownFileType = sourcecode.swift; path = ScheduleTableViewCell.swift; sourceTree = "<group>"; };
		EAF1F95320A5F20D003D60E6 /* ScheduleTableViewCell.xib */ = {isa = PBXFileReference; lastKnownFileType = file.xib; path = ScheduleTableViewCell.xib; sourceTree = "<group>"; };
		EAF1F95620A60451003D60E6 /* NewEventViewController.swift */ = {isa = PBXFileReference; lastKnownFileType = sourcecode.swift; path = NewEventViewController.swift; sourceTree = "<group>"; };
		EAF1F95820A78CD8003D60E6 /* popUpDelegate.swift */ = {isa = PBXFileReference; lastKnownFileType = sourcecode.swift; path = popUpDelegate.swift; sourceTree = "<group>"; };
/* End PBXFileReference section */

/* Begin PBXFrameworksBuildPhase section */
		EA28C1F820A1EB9800E20A9C /* Frameworks */ = {
			isa = PBXFrameworksBuildPhase;
			buildActionMask = 2147483647;
			files = (
				63AC37DABF12DF6477F6F41E /* Pods_ForSons.framework in Frameworks */,
			);
			runOnlyForDeploymentPostprocessing = 0;
		};
/* End PBXFrameworksBuildPhase section */

/* Begin PBXGroup section */
		76B9E15F959D5F4FC02F0513 /* Pods */ = {
			isa = PBXGroup;
			children = (
				1FD5697551304D9D8C9DF0E2 /* Pods-ForSons.debug.xcconfig */,
				3F6FF957A9959FD8082E7CD2 /* Pods-ForSons.release.xcconfig */,
			);
			name = Pods;
			sourceTree = "<group>";
		};
		A5F2E362C7A35DCEDFD338EC /* Frameworks */ = {
			isa = PBXGroup;
			children = (
				6085406F1BE5E92C863D8DFF /* Pods_ForSons.framework */,
			);
			name = Frameworks;
			sourceTree = "<group>";
		};
		EA28C1F220A1EB9800E20A9C = {
			isa = PBXGroup;
			children = (
				EA28C1FD20A1EB9800E20A9C /* ForSons */,
				EA28C1FC20A1EB9800E20A9C /* Products */,
				76B9E15F959D5F4FC02F0513 /* Pods */,
				A5F2E362C7A35DCEDFD338EC /* Frameworks */,
			);
			sourceTree = "<group>";
		};
		EA28C1FC20A1EB9800E20A9C /* Products */ = {
			isa = PBXGroup;
			children = (
				EA28C1FB20A1EB9800E20A9C /* ForSons.app */,
			);
			name = Products;
			sourceTree = "<group>";
		};
		EA28C1FD20A1EB9800E20A9C /* ForSons */ = {
			isa = PBXGroup;
			children = (
				EA28C21320A1F1E900E20A9C /* Supports */,
				EA28C21220A1F1D200E20A9C /* Controller */,
				EA28C21120A1F1CA00E20A9C /* Model */,
				EA28C21020A1F1BF00E20A9C /* View */,
			);
			path = ForSons;
			sourceTree = "<group>";
		};
		EA28C21020A1F1BF00E20A9C /* View */ = {
			isa = PBXGroup;
			children = (
				EA28C20220A1EB9800E20A9C /* Main.storyboard */,
				EA28C20720A1EB9800E20A9C /* LaunchScreen.storyboard */,
			);
			path = View;
			sourceTree = "<group>";
		};
		EA28C21120A1F1CA00E20A9C /* Model */ = {
			isa = PBXGroup;
			children = (
				EA28C21920A215B000E20A9C /* listModel.swift */,
			);
			path = Model;
			sourceTree = "<group>";
		};
		EA28C21220A1F1D200E20A9C /* Controller */ = {
			isa = PBXGroup;
			children = (
				EA28C20020A1EB9800E20A9C /* RulesCheckViewController.swift */,
				EAF1F95020A5E95D003D60E6 /* FamSchedViewController.swift */,
				EAF1F95620A60451003D60E6 /* NewEventViewController.swift */,
				EA28C1FE20A1EB9800E20A9C /* AppDelegate.swift */,
				EAF1F95820A78CD8003D60E6 /* popUpDelegate.swift */,
				EA28C21420A1F26F00E20A9C /* Custom Cell */,
			);
			path = Controller;
			sourceTree = "<group>";
		};
		EA28C21320A1F1E900E20A9C /* Supports */ = {
			isa = PBXGroup;
			children = (
				EA28C20520A1EB9800E20A9C /* Assets.xcassets */,
				EA28C20A20A1EB9800E20A9C /* Info.plist */,
			);
			path = Supports;
			sourceTree = "<group>";
		};
		EA28C21420A1F26F00E20A9C /* Custom Cell */ = {
			isa = PBXGroup;
			children = (
				EA28C21520A1F2AF00E20A9C /* RulesTableViewCell.swift */,
				EA28C21620A1F2AF00E20A9C /* RulesCell.xib */,
				EAF1F95220A5F20D003D60E6 /* ScheduleTableViewCell.swift */,
				EAF1F95320A5F20D003D60E6 /* ScheduleTableViewCell.xib */,
			);
			path = "Custom Cell";
			sourceTree = "<group>";
		};
/* End PBXGroup section */

/* Begin PBXNativeTarget section */
		EA28C1FA20A1EB9800E20A9C /* ForSons */ = {
			isa = PBXNativeTarget;
			buildConfigurationList = EA28C20D20A1EB9800E20A9C /* Build configuration list for PBXNativeTarget "ForSons" */;
			buildPhases = (
				6EE45B7CD1750A16AA8AF12B /* [CP] Check Pods Manifest.lock */,
				EA28C1F720A1EB9800E20A9C /* Sources */,
				EA28C1F820A1EB9800E20A9C /* Frameworks */,
				EA28C1F920A1EB9800E20A9C /* Resources */,
				FA910F62971BB2E9A8308C9B /* [CP] Embed Pods Frameworks */,
			);
			buildRules = (
			);
			dependencies = (
			);
			name = ForSons;
			productName = ForSons;
			productReference = EA28C1FB20A1EB9800E20A9C /* ForSons.app */;
			productType = "com.apple.product-type.application";
		};
/* End PBXNativeTarget section */

/* Begin PBXProject section */
		EA28C1F320A1EB9800E20A9C /* Project object */ = {
			isa = PBXProject;
			attributes = {
				LastSwiftUpdateCheck = 0910;
				LastUpgradeCheck = 0910;
				ORGANIZATIONNAME = "Hongbo Niu";
				TargetAttributes = {
					EA28C1FA20A1EB9800E20A9C = {
						CreatedOnToolsVersion = 9.1;
						ProvisioningStyle = Automatic;
					};
				};
			};
			buildConfigurationList = EA28C1F620A1EB9800E20A9C /* Build configuration list for PBXProject "ForSons" */;
			compatibilityVersion = "Xcode 8.0";
			developmentRegion = en;
			hasScannedForEncodings = 0;
			knownRegions = (
				en,
				Base,
			);
			mainGroup = EA28C1F220A1EB9800E20A9C;
			productRefGroup = EA28C1FC20A1EB9800E20A9C /* Products */;
			projectDirPath = "";
			projectRoot = "";
			targets = (
				EA28C1FA20A1EB9800E20A9C /* ForSons */,
			);
		};
/* End PBXProject section */

/* Begin PBXResourcesBuildPhase section */
		EA28C1F920A1EB9800E20A9C /* Resources */ = {
			isa = PBXResourcesBuildPhase;
			buildActionMask = 2147483647;
			files = (
				EA28C20920A1EB9800E20A9C /* LaunchScreen.storyboard in Resources */,
				EA28C21820A1F2AF00E20A9C /* RulesCell.xib in Resources */,
				EA28C20620A1EB9800E20A9C /* Assets.xcassets in Resources */,
				EA28C20420A1EB9800E20A9C /* Main.storyboard in Resources */,
				EAF1F95520A5F20D003D60E6 /* ScheduleTableViewCell.xib in Resources */,
			);
			runOnlyForDeploymentPostprocessing = 0;
		};
/* End PBXResourcesBuildPhase section */

/* Begin PBXShellScriptBuildPhase section */
		6EE45B7CD1750A16AA8AF12B /* [CP] Check Pods Manifest.lock */ = {
			isa = PBXShellScriptBuildPhase;
			buildActionMask = 2147483647;
			files = (
			);
			inputPaths = (
				"${PODS_PODFILE_DIR_PATH}/Podfile.lock",
				"${PODS_ROOT}/Manifest.lock",
			);
			name = "[CP] Check Pods Manifest.lock";
			outputPaths = (
				"$(DERIVED_FILE_DIR)/Pods-ForSons-checkManifestLockResult.txt",
			);
			runOnlyForDeploymentPostprocessing = 0;
			shellPath = /bin/sh;
			shellScript = "diff \"${PODS_PODFILE_DIR_PATH}/Podfile.lock\" \"${PODS_ROOT}/Manifest.lock\" > /dev/null\nif [ $? != 0 ] ; then\n    # print error to STDERR\n    echo \"error: The sandbox is not in sync with the Podfile.lock. Run 'pod install' or update your CocoaPods installation.\" >&2\n    exit 1\nfi\n# This output is used by Xcode 'outputs' to avoid re-running this script phase.\necho \"SUCCESS\" > \"${SCRIPT_OUTPUT_FILE_0}\"\n";
			showEnvVarsInLog = 0;
		};
		FA910F62971BB2E9A8308C9B /* [CP] Embed Pods Frameworks */ = {
			isa = PBXShellScriptBuildPhase;
			buildActionMask = 2147483647;
			files = (
			);
			inputPaths = (
				"${SRCROOT}/Pods/Target Support Files/Pods-ForSons/Pods-ForSons-frameworks.sh",
				"${BUILT_PRODUCTS_DIR}/Realm/Realm.framework",
				"${BUILT_PRODUCTS_DIR}/RealmSwift/RealmSwift.framework",
			);
			name = "[CP] Embed Pods Frameworks";
			outputPaths = (
				"${TARGET_BUILD_DIR}/${FRAMEWORKS_FOLDER_PATH}/Realm.framework",
				"${TARGET_BUILD_DIR}/${FRAMEWORKS_FOLDER_PATH}/RealmSwift.framework",
			);
			runOnlyForDeploymentPostprocessing = 0;
			shellPath = /bin/sh;
			shellScript = "\"${SRCROOT}/Pods/Target Support Files/Pods-ForSons/Pods-ForSons-frameworks.sh\"\n";
			showEnvVarsInLog = 0;
		};
/* End PBXShellScriptBuildPhase section */

/* Begin PBXSourcesBuildPhase section */
		EA28C1F720A1EB9800E20A9C /* Sources */ = {
			isa = PBXSourcesBuildPhase;
			buildActionMask = 2147483647;
			files = (
				EA28C20120A1EB9800E20A9C /* RulesCheckViewController.swift in Sources */,
				EA28C1FF20A1EB9800E20A9C /* AppDelegate.swift in Sources */,
				EAF1F95420A5F20D003D60E6 /* ScheduleTableViewCell.swift in Sources */,
				EA28C21720A1F2AF00E20A9C /* RulesTableViewCell.swift in Sources */,
				EAF1F95120A5E95D003D60E6 /* FamSchedViewController.swift in Sources */,
				EAF1F95920A78CD8003D60E6 /* popUpDelegate.swift in Sources */,
				EA28C21A20A215B000E20A9C /* listModel.swift in Sources */,
				EAF1F95720A60451003D60E6 /* NewEventViewController.swift in Sources */,
			);
			runOnlyForDeploymentPostprocessing = 0;
		};
/* End PBXSourcesBuildPhase section */

/* Begin PBXVariantGroup section */
		EA28C20220A1EB9800E20A9C /* Main.storyboard */ = {
			isa = PBXVariantGroup;
			children = (
				EA28C20320A1EB9800E20A9C /* Base */,
			);
			name = Main.storyboard;
			sourceTree = "<group>";
		};
		EA28C20720A1EB9800E20A9C /* LaunchScreen.storyboard */ = {
			isa = PBXVariantGroup;
			children = (
				EA28C20820A1EB9800E20A9C /* Base */,
			);
			name = LaunchScreen.storyboard;
			sourceTree = "<group>";
		};
/* End PBXVariantGroup section */

/* Begin XCBuildConfiguration section */
		EA28C20B20A1EB9800E20A9C /* Debug */ = {
			isa = XCBuildConfiguration;
			buildSettings = {
				ALWAYS_SEARCH_USER_PATHS = NO;
				CLANG_ANALYZER_NONNULL = YES;
				CLANG_ANALYZER_NUMBER_OBJECT_CONVERSION = YES_AGGRESSIVE;
				CLANG_CXX_LANGUAGE_STANDARD = "gnu++14";
				CLANG_CXX_LIBRARY = "libc++";
				CLANG_ENABLE_MODULES = YES;
				CLANG_ENABLE_OBJC_ARC = YES;
				CLANG_WARN_BLOCK_CAPTURE_AUTORELEASING = YES;
				CLANG_WARN_BOOL_CONVERSION = YES;
				CLANG_WARN_COMMA = YES;
				CLANG_WARN_CONSTANT_CONVERSION = YES;
				CLANG_WARN_DIRECT_OBJC_ISA_USAGE = YES_ERROR;
				CLANG_WARN_DOCUMENTATION_COMMENTS = YES;
				CLANG_WARN_EMPTY_BODY = YES;
				CLANG_WARN_ENUM_CONVERSION = YES;
				CLANG_WARN_INFINITE_RECURSION = YES;
				CLANG_WARN_INT_CONVERSION = YES;
				CLANG_WARN_NON_LITERAL_NULL_CONVERSION = YES;
				CLANG_WARN_OBJC_LITERAL_CONVERSION = YES;
				CLANG_WARN_OBJC_ROOT_CLASS = YES_ERROR;
				CLANG_WARN_RANGE_LOOP_ANALYSIS = YES;
				CLANG_WARN_STRICT_PROTOTYPES = YES;
				CLANG_WARN_SUSPICIOUS_MOVE = YES;
				CLANG_WARN_UNGUARDED_AVAILABILITY = YES_AGGRESSIVE;
				CLANG_WARN_UNREACHABLE_CODE = YES;
				CLANG_WARN__DUPLICATE_METHOD_MATCH = YES;
				CODE_SIGN_IDENTITY = "iPhone Developer";
				COPY_PHASE_STRIP = NO;
				DEBUG_INFORMATION_FORMAT = dwarf;
				ENABLE_STRICT_OBJC_MSGSEND = YES;
				ENABLE_TESTABILITY = YES;
				GCC_C_LANGUAGE_STANDARD = gnu11;
				GCC_DYNAMIC_NO_PIC = NO;
				GCC_NO_COMMON_BLOCKS = YES;
				GCC_OPTIMIZATION_LEVEL = 0;
				GCC_PREPROCESSOR_DEFINITIONS = (
					"DEBUG=1",
					"$(inherited)",
				);
				GCC_WARN_64_TO_32_BIT_CONVERSION = YES;
				GCC_WARN_ABOUT_RETURN_TYPE = YES_ERROR;
				GCC_WARN_UNDECLARED_SELECTOR = YES;
				GCC_WARN_UNINITIALIZED_AUTOS = YES_AGGRESSIVE;
				GCC_WARN_UNUSED_FUNCTION = YES;
				GCC_WARN_UNUSED_VARIABLE = YES;
				IPHONEOS_DEPLOYMENT_TARGET = 11.1;
				MTL_ENABLE_DEBUG_INFO = YES;
				ONLY_ACTIVE_ARCH = YES;
				SDKROOT = iphoneos;
				SWIFT_ACTIVE_COMPILATION_CONDITIONS = DEBUG;
				SWIFT_OPTIMIZATION_LEVEL = "-Onone";
			};
			name = Debug;
		};
		EA28C20C20A1EB9800E20A9C /* Release */ = {
			isa = XCBuildConfiguration;
			buildSettings = {
				ALWAYS_SEARCH_USER_PATHS = NO;
				CLANG_ANALYZER_NONNULL = YES;
				CLANG_ANALYZER_NUMBER_OBJECT_CONVERSION = YES_AGGRESSIVE;
				CLANG_CXX_LANGUAGE_STANDARD = "gnu++14";
				CLANG_CXX_LIBRARY = "libc++";
				CLANG_ENABLE_MODULES = YES;
				CLANG_ENABLE_OBJC_ARC = YES;
				CLANG_WARN_BLOCK_CAPTURE_AUTORELEASING = YES;
				CLANG_WARN_BOOL_CONVERSION = YES;
				CLANG_WARN_COMMA = YES;
				CLANG_WARN_CONSTANT_CONVERSION = YES;
				CLANG_WARN_DIRECT_OBJC_ISA_USAGE = YES_ERROR;
				CLANG_WARN_DOCUMENTATION_COMMENTS = YES;
				CLANG_WARN_EMPTY_BODY = YES;
				CLANG_WARN_ENUM_CONVERSION = YES;
				CLANG_WARN_INFINITE_RECURSION = YES;
				CLANG_WARN_INT_CONVERSION = YES;
				CLANG_WARN_NON_LITERAL_NULL_CONVERSION = YES;
				CLANG_WARN_OBJC_LITERAL_CONVERSION = YES;
				CLANG_WARN_OBJC_ROOT_CLASS = YES_ERROR;
				CLANG_WARN_RANGE_LOOP_ANALYSIS = YES;
				CLANG_WARN_STRICT_PROTOTYPES = YES;
				CLANG_WARN_SUSPICIOUS_MOVE = YES;
				CLANG_WARN_UNGUARDED_AVAILABILITY = YES_AGGRESSIVE;
				CLANG_WARN_UNREACHABLE_CODE = YES;
				CLANG_WARN__DUPLICATE_METHOD_MATCH = YES;
				CODE_SIGN_IDENTITY = "iPhone Developer";
				COPY_PHASE_STRIP = NO;
				DEBUG_INFORMATION_FORMAT = "dwarf-with-dsym";
				ENABLE_NS_ASSERTIONS = NO;
				ENABLE_STRICT_OBJC_MSGSEND = YES;
				GCC_C_LANGUAGE_STANDARD = gnu11;
				GCC_NO_COMMON_BLOCKS = YES;
				GCC_WARN_64_TO_32_BIT_CONVERSION = YES;
				GCC_WARN_ABOUT_RETURN_TYPE = YES_ERROR;
				GCC_WARN_UNDECLARED_SELECTOR = YES;
				GCC_WARN_UNINITIALIZED_AUTOS = YES_AGGRESSIVE;
				GCC_WARN_UNUSED_FUNCTION = YES;
				GCC_WARN_UNUSED_VARIABLE = YES;
				IPHONEOS_DEPLOYMENT_TARGET = 11.1;
				MTL_ENABLE_DEBUG_INFO = NO;
				SDKROOT = iphoneos;
				SWIFT_OPTIMIZATION_LEVEL = "-Owholemodule";
				VALIDATE_PRODUCT = YES;
			};
			name = Release;
		};
		EA28C20E20A1EB9800E20A9C /* Debug */ = {
			isa = XCBuildConfiguration;
			baseConfigurationReference = 1FD5697551304D9D8C9DF0E2 /* Pods-ForSons.debug.xcconfig */;
			buildSettings = {
				ASSETCATALOG_COMPILER_APPICON_NAME = AppIcon;
				CODE_SIGN_STYLE = Automatic;
				DEVELOPMENT_TEAM = 6WESCS98BF;
				INFOPLIST_FILE = "$(SRCROOT)/ForSons/Supports/Info.plist";
				LD_RUNPATH_SEARCH_PATHS = "$(inherited) @executable_path/Frameworks";
				PRODUCT_BUNDLE_IDENTIFIER = com.xiaoweichen.ForSons;
				PRODUCT_NAME = "$(TARGET_NAME)";
				SWIFT_VERSION = 4.0;
				TARGETED_DEVICE_FAMILY = "1,2";
			};
			name = Debug;
		};
		EA28C20F20A1EB9800E20A9C /* Release */ = {
			isa = XCBuildConfiguration;
			baseConfigurationReference = 3F6FF957A9959FD8082E7CD2 /* Pods-ForSons.release.xcconfig */;
			buildSettings = {
				ASSETCATALOG_COMPILER_APPICON_NAME = AppIcon;
				CODE_SIGN_STYLE = Automatic;
				DEVELOPMENT_TEAM = 6WESCS98BF;
				INFOPLIST_FILE = "$(SRCROOT)/ForSons/Supports/Info.plist";
				LD_RUNPATH_SEARCH_PATHS = "$(inherited) @executable_path/Frameworks";
				PRODUCT_BUNDLE_IDENTIFIER = com.xiaoweichen.ForSons;
				PRODUCT_NAME = "$(TARGET_NAME)";
				SWIFT_VERSION = 4.0;
				TARGETED_DEVICE_FAMILY = "1,2";
			};
			name = Release;
		};
/* End XCBuildConfiguration section */

/* Begin XCConfigurationList section */
		EA28C1F620A1EB9800E20A9C /* Build configuration list for PBXProject "ForSons" */ = {
			isa = XCConfigurationList;
			buildConfigurations = (
				EA28C20B20A1EB9800E20A9C /* Debug */,
				EA28C20C20A1EB9800E20A9C /* Release */,
			);
			defaultConfigurationIsVisible = 0;
			defaultConfigurationName = Release;
		};
		EA28C20D20A1EB9800E20A9C /* Build configuration list for PBXNativeTarget "ForSons" */ = {
			isa = XCConfigurationList;
			buildConfigurations = (
				EA28C20E20A1EB9800E20A9C /* Debug */,
				EA28C20F20A1EB9800E20A9C /* Release */,
			);
			defaultConfigurationIsVisible = 0;
			defaultConfigurationName = Release;
		};
/* End XCConfigurationList section */
	};
	rootObject = EA28C1F320A1EB9800E20A9C /* Project object */;
}
